
Microsoft Visual Studio Solution File, Format Version 12.00
# Visual Studio Version 16
VisualStudioVersion = 16.0.32106.194
MinimumVisualStudioVersion = 10.0.40219.1
Project("{2150E333-8FDC-42A3-9474-1A3956D46DE8}") = "Avalonia", "Avalonia", "{1EDFB53D-7DCC-46AC-A051-7321F9DCD87F}"
EndProject
Project("{2150E333-8FDC-42A3-9474-1A3956D46DE8}") = "WPF", "WPF", "{CB5EF88D-90FF-4E1B-BE40-94995040F85A}"
EndProject
Project("{2150E333-8FDC-42A3-9474-1A3956D46DE8}") = "Core", "Core", "{7A4F4A1E-289A-426B-AE5D-07CB15B4DF83}"
EndProject
Project("{9A19103F-16F7-4668-BE54-9A1E7A4F7556}") = "ReBorn.WPF.UI", "WPF\ReBorn.WPF.UI\ReBorn.WPF.UI.csproj", "{3F2ECFFC-FA77-4D29-BF02-C8D47ACAA14E}"
EndProject
Project("{9A19103F-16F7-4668-BE54-9A1E7A4F7556}") = "Reborn.Avalonia.UI", "Reborn.Avalonia.UI\Reborn.Avalonia.UI.csproj", "{CBAABEBC-F17C-4590-8516-A46CFC19E9D2}"
EndProject
Project("{9A19103F-16F7-4668-BE54-9A1E7A4F7556}") = "Shared", "Shared\Shared.csproj", "{6CFC1B22-48CC-4EF2-BC13-79B14FC8C45D}"
EndProject
Global
	GlobalSection(SolutionConfigurationPlatforms) = preSolution
		Debug|Any CPU = Debug|Any CPU
		Release|Any CPU = Release|Any CPU
	EndGlobalSection
	GlobalSection(ProjectConfigurationPlatforms) = postSolution
		{3F2ECFFC-FA77-4D29-BF02-C8D47ACAA14E}.Debug|Any CPU.ActiveCfg = Debug|Any CPU
		{3F2ECFFC-FA77-4D29-BF02-C8D47ACAA14E}.Debug|Any CPU.Build.0 = Debug|Any CPU
		{3F2ECFFC-FA77-4D29-BF02-C8D47ACAA14E}.Release|Any CPU.ActiveCfg = Release|Any CPU
		{3F2ECFFC-FA77-4D29-BF02-C8D47ACAA14E}.Release|Any CPU.Build.0 = Release|Any CPU
		{CBAABEBC-F17C-4590-8516-A46CFC19E9D2}.Debug|Any CPU.ActiveCfg = Debug|Any CPU
		{CBAABEBC-F17C-4590-8516-A46CFC19E9D2}.Debug|Any CPU.Build.0 = Debug|Any CPU
		{CBAABEBC-F17C-4590-8516-A46CFC19E9D2}.Release|Any CPU.ActiveCfg = Release|Any CPU
		{CBAABEBC-F17C-4590-8516-A46CFC19E9D2}.Release|Any CPU.Build.0 = Release|Any CPU
		{6CFC1B22-48CC-4EF2-BC13-79B14FC8C45D}.Debug|Any CPU.ActiveCfg = Debug|Any CPU
		{6CFC1B22-48CC-4EF2-BC13-79B14FC8C45D}.Debug|Any CPU.Build.0 = Debug|Any CPU
		{6CFC1B22-48CC-4EF2-BC13-79B14FC8C45D}.Release|Any CPU.ActiveCfg = Release|Any CPU
		{6CFC1B22-48CC-4EF2-BC13-79B14FC8C45D}.Release|Any CPU.Build.0 = Release|Any CPU
	EndGlobalSection
	GlobalSection(SolutionProperties) = preSolution
		HideSolutionNode = FALSE
	EndGlobalSection
	GlobalSection(NestedProjects) = preSolution
		{3F2ECFFC-FA77-4D29-BF02-C8D47ACAA14E} = {CB5EF88D-90FF-4E1B-BE40-94995040F85A}
		{CBAABEBC-F17C-4590-8516-A46CFC19E9D2} = {1EDFB53D-7DCC-46AC-A051-7321F9DCD87F}
		{6CFC1B22-48CC-4EF2-BC13-79B14FC8C45D} = {7A4F4A1E-289A-426B-AE5D-07CB15B4DF83}
	EndGlobalSection
	GlobalSection(ExtensibilityGlobals) = postSolution
		SolutionGuid = {26B336A8-D069-4042-99CA-AE885A25962A}
	EndGlobalSection
EndGlobal
